<?xml version="1.0" encoding="utf-8"?>
<Project ToolsVersion="4.0" xmlns="http://schemas.microsoft.com/developer/msbuild/2003">
  <ItemGroup>
    <Filter Include="소스 파일">
      <UniqueIdentifier>{4FC737F1-C7A5-4376-A066-2A32D752A2FF}</UniqueIdentifier>
      <Extensions>cpp;c;cc;cxx;c++;cppm;ixx;def;odl;idl;hpj;bat;asm;asmx</Extensions>
    </Filter>
    <Filter Include="헤더 파일">
      <UniqueIdentifier>{93995380-89BD-4b04-88EB-625FBE52EBFB}</UniqueIdentifier>
      <Extensions>h;hh;hpp;hxx;h++;hm;inl;inc;ipp;xsd</Extensions>
    </Filter>
    <Filter Include="리소스 파일">
      <UniqueIdentifier>{67DA6AB6-F800-4c08-8B7A-83BB121AAD01}</UniqueIdentifier>
      <Extensions>rc;ico;cur;bmp;dlg;rc2;rct;bin;rgs;gif;jpg;jpeg;jpe;resx;tiff;tif;png;wav;mfcribbon-ms</Extensions>
    </Filter>
    <Filter Include="리소스 파일\Mesh">
      <UniqueIdentifier>{bd70c328-301c-4068-be0d-613ea462b44b}</UniqueIdentifier>
    </Filter>
    <Filter Include="리소스 파일\Shader">
      <UniqueIdentifier>{9055c67a-e91f-4d5c-a26c-22e0cc370775}</UniqueIdentifier>
    </Filter>
  </ItemGroup>
  <ItemGroup>
    <ClCompile Include="include\gl\glad\glad.c">
      <Filter>소스 파일</Filter>
    </ClCompile>
    <ClCompile Include="include\engine\Application.cpp">
      <Filter>소스 파일</Filter>
    </ClCompile>
    <ClCompile Include="include\engine\Object\Object.cpp">
      <Filter>소스 파일</Filter>
    </ClCompile>
    <ClCompile Include="include\engine\Input.cpp">
      <Filter>소스 파일</Filter>
    </ClCompile>
    <ClCompile Include="include\engine\Scene.cpp">
      <Filter>소스 파일</Filter>
    </ClCompile>
    <ClCompile Include="src\TransformMeshApplication.cpp">
      <Filter>소스 파일</Filter>
    </ClCompile>
    <ClCompile Include="include\engine\Component\Component.cpp">
      <Filter>소스 파일</Filter>
    </ClCompile>
    <ClCompile Include="include\engine\Object\GameObject.cpp">
      <Filter>소스 파일</Filter>
    </ClCompile>
    <ClCompile Include="include\engine\Object\Factory.cpp">
      <Filter>소스 파일</Filter>
    </ClCompile>
    <ClCompile Include="include\engine\Component\ComponentManager.cpp">
      <Filter>소스 파일</Filter>
    </ClCompile>
    <ClCompile Include="include\engine\Transform\Transform.cpp">
      <Filter>소스 파일</Filter>
    </ClCompile>
    <ClCompile Include="include\engine\ServiceLocator.cpp">
      <Filter>소스 파일</Filter>
    </ClCompile>
    <ClCompile Include="include\engine\Graphics\GraphicsManager.cpp">
      <Filter>소스 파일</Filter>
    </ClCompile>
    <ClCompile Include="include\engine\Graphics\Mesh.cpp">
      <Filter>소스 파일</Filter>
    </ClCompile>
    <ClCompile Include="include\engine\Graphics\Renderer.cpp">
      <Filter>소스 파일</Filter>
    </ClCompile>
    <ClCompile Include="include\engine\Graphics\Shader.cpp">
      <Filter>소스 파일</Filter>
    </ClCompile>
    <ClCompile Include="include\engine\Component\ComponentGroup.cpp">
      <Filter>소스 파일</Filter>
    </ClCompile>
    <ClCompile Include="include\engine\Component\ComponentGroupInterface.cpp">
      <Filter>소스 파일</Filter>
    </ClCompile>
  </ItemGroup>
  <ItemGroup>
    <ClInclude Include="include\engine\Application.h">
      <Filter>헤더 파일</Filter>
    </ClInclude>
    <ClInclude Include="include\engine\Object\Object.h">
      <Filter>헤더 파일</Filter>
    </ClInclude>
    <ClInclude Include="include\engine\Input.h">
      <Filter>헤더 파일</Filter>
    </ClInclude>
    <ClInclude Include="include\engine\Scene.h">
      <Filter>헤더 파일</Filter>
    </ClInclude>
    <ClInclude Include="include\cg\cgmath.h">
      <Filter>헤더 파일</Filter>
    </ClInclude>
    <ClInclude Include="include\cg\cgut.h">
      <Filter>헤더 파일</Filter>
    </ClInclude>
    <ClInclude Include="include\engine\Component\Component.h">
      <Filter>헤더 파일</Filter>
    </ClInclude>
    <ClInclude Include="include\engine\Object\GameObject.h">
      <Filter>헤더 파일</Filter>
    </ClInclude>
    <ClInclude Include="include\engine\Object\Factory.h">
      <Filter>헤더 파일</Filter>
    </ClInclude>
    <ClInclude Include="include\engine\Component\ComponentManager.h">
      <Filter>헤더 파일</Filter>
    </ClInclude>
    <ClInclude Include="include\engine\Transform\Transform.h">
      <Filter>헤더 파일</Filter>
    </ClInclude>
    <ClInclude Include="include\engine\ServiceLocator.h">
      <Filter>헤더 파일</Filter>
    </ClInclude>
    <ClInclude Include="include\engine\Graphics\GraphicsManager.h">
      <Filter>헤더 파일</Filter>
    </ClInclude>
    <ClInclude Include="include\engine\Graphics\Mesh.h">
      <Filter>헤더 파일</Filter>
    </ClInclude>
    <ClInclude Include="include\engine\Graphics\Renderer.h">
      <Filter>헤더 파일</Filter>
    </ClInclude>
    <ClInclude Include="include\engine\Graphics\Shader.h">
      <Filter>헤더 파일</Filter>
    </ClInclude>
    <ClInclude Include="include\engine\Component\ComponentGroup.h">
      <Filter>헤더 파일</Filter>
    </ClInclude>
    <ClInclude Include="include\engine\Component\ComponentGroupInterface.h">
      <Filter>헤더 파일</Filter>
    </ClInclude>
  </ItemGroup>
  <ItemGroup>
    <None Include="bin\shaders\circ.frag">
      <Filter>리소스 파일\Shader</Filter>
    </None>
    <None Include="bin\shaders\circ.vert">
      <Filter>리소스 파일\Shader</Filter>
    </None>
    <None Include="bin\mesh\dragon.index.bin">
      <Filter>리소스 파일\Mesh</Filter>
    </None>
    <None Include="bin\mesh\dragon.vertex.bin">
      <Filter>리소스 파일\Mesh</Filter>
    </None>
  </ItemGroup>
  <ItemGroup>
    <Text Include="bin\mesh\dragon.license.txt">
      <Filter>리소스 파일\Mesh</Filter>
    </Text>
  </ItemGroup>
</Project>